// !$*UTF8*$!
{
	archiveVersion = 1;
	classes = {
	};
	objectVersion = 56;
	objects = {

/* Begin PBXBuildFile section */
		D87EE8BD2AD680B200FE1F1B /* CoreDataSpendingTrackerApp.swift in Sources */ = {isa = PBXBuildFile; fileRef = D87EE8BC2AD680B200FE1F1B /* CoreDataSpendingTrackerApp.swift */; };
		D87EE8BF2AD680B200FE1F1B /* ContentView.swift in Sources */ = {isa = PBXBuildFile; fileRef = D87EE8BE2AD680B200FE1F1B /* ContentView.swift */; };
		D87EE8C12AD680B400FE1F1B /* Assets.xcassets in Resources */ = {isa = PBXBuildFile; fileRef = D87EE8C02AD680B400FE1F1B /* Assets.xcassets */; };
		D87EE8C42AD680B400FE1F1B /* Preview Assets.xcassets in Resources */ = {isa = PBXBuildFile; fileRef = D87EE8C32AD680B400FE1F1B /* Preview Assets.xcassets */; };
		D87EE8C62AD680B400FE1F1B /* Persistence.swift in Sources */ = {isa = PBXBuildFile; fileRef = D87EE8C52AD680B400FE1F1B /* Persistence.swift */; };
		D87EE8C92AD680B400FE1F1B /* CoreDataSpendingTracker.xcdatamodeld in Sources */ = {isa = PBXBuildFile; fileRef = D87EE8C72AD680B400FE1F1B /* CoreDataSpendingTracker.xcdatamodeld */; };
		D88AC7322AD9815F00C4E2A7 /* AddCardForm.swift in Sources */ = {isa = PBXBuildFile; fileRef = D88AC7312AD9815F00C4E2A7 /* AddCardForm.swift */; };
		D8A155232ADECCE10088BF06 /* AddTransactionForm.swift in Sources */ = {isa = PBXBuildFile; fileRef = D8A155222ADECCE10088BF06 /* AddTransactionForm.swift */; };
		D8F02DD32AD8208B00AA447D /* MainView.swift in Sources */ = {isa = PBXBuildFile; fileRef = D8F02DD22AD8208B00AA447D /* MainView.swift */; };
/* End PBXBuildFile section */

/* Begin PBXFileReference section */
		D87EE8B92AD680B200FE1F1B /* CoreDataSpendingTracker.app */ = {isa = PBXFileReference; explicitFileType = wrapper.application; includeInIndex = 0; path = CoreDataSpendingTracker.app; sourceTree = BUILT_PRODUCTS_DIR; };
		D87EE8BC2AD680B200FE1F1B /* CoreDataSpendingTrackerApp.swift */ = {isa = PBXFileReference; lastKnownFileType = sourcecode.swift; path = CoreDataSpendingTrackerApp.swift; sourceTree = "<group>"; };
		D87EE8BE2AD680B200FE1F1B /* ContentView.swift */ = {isa = PBXFileReference; lastKnownFileType = sourcecode.swift; path = ContentView.swift; sourceTree = "<group>"; };
		D87EE8C02AD680B400FE1F1B /* Assets.xcassets */ = {isa = PBXFileReference; lastKnownFileType = folder.assetcatalog; path = Assets.xcassets; sourceTree = "<group>"; };
		D87EE8C32AD680B400FE1F1B /* Preview Assets.xcassets */ = {isa = PBXFileReference; lastKnownFileType = folder.assetcatalog; path = "Preview Assets.xcassets"; sourceTree = "<group>"; };
		D87EE8C52AD680B400FE1F1B /* Persistence.swift */ = {isa = PBXFileReference; lastKnownFileType = sourcecode.swift; path = Persistence.swift; sourceTree = "<group>"; };
		D87EE8C82AD680B400FE1F1B /* CoreDataSpendingTracker.xcdatamodel */ = {isa = PBXFileReference; lastKnownFileType = wrapper.xcdatamodel; path = CoreDataSpendingTracker.xcdatamodel; sourceTree = "<group>"; };
		D88AC7312AD9815F00C4E2A7 /* AddCardForm.swift */ = {isa = PBXFileReference; lastKnownFileType = sourcecode.swift; path = AddCardForm.swift; sourceTree = "<group>"; };
		D8A155222ADECCE10088BF06 /* AddTransactionForm.swift */ = {isa = PBXFileReference; lastKnownFileType = sourcecode.swift; path = AddTransactionForm.swift; sourceTree = "<group>"; };
		D8F02DD22AD8208B00AA447D /* MainView.swift */ = {isa = PBXFileReference; lastKnownFileType = sourcecode.swift; path = MainView.swift; sourceTree = "<group>"; };
/* End PBXFileReference section */

/* Begin PBXFrameworksBuildPhase section */
		D87EE8B62AD680B200FE1F1B /* Frameworks */ = {
			isa = PBXFrameworksBuildPhase;
			buildActionMask = 2147483647;
			files = (
			);
			runOnlyForDeploymentPostprocessing = 0;
		};
/* End PBXFrameworksBuildPhase section */

/* Begin PBXGroup section */
		D87EE8B02AD680B200FE1F1B = {
			isa = PBXGroup;
			children = (
				D87EE8BB2AD680B200FE1F1B /* CoreDataSpendingTracker */,
				D87EE8BA2AD680B200FE1F1B /* Products */,
			);
			sourceTree = "<group>";
		};
		D87EE8BA2AD680B200FE1F1B /* Products */ = {
			isa = PBXGroup;
			children = (
				D87EE8B92AD680B200FE1F1B /* CoreDataSpendingTracker.app */,
			);
			name = Products;
			sourceTree = "<group>";
		};
		D87EE8BB2AD680B200FE1F1B /* CoreDataSpendingTracker */ = {
			isa = PBXGroup;
			children = (
				D8F02DD12AD8207E00AA447D /* Main */,
				D87EE8BC2AD680B200FE1F1B /* CoreDataSpendingTrackerApp.swift */,
				D87EE8BE2AD680B200FE1F1B /* ContentView.swift */,
				D87EE8C02AD680B400FE1F1B /* Assets.xcassets */,
				D87EE8C52AD680B400FE1F1B /* Persistence.swift */,
				D87EE8C72AD680B400FE1F1B /* CoreDataSpendingTracker.xcdatamodeld */,
				D87EE8C22AD680B400FE1F1B /* Preview Content */,
			);
			path = CoreDataSpendingTracker;
			sourceTree = "<group>";
		};
		D87EE8C22AD680B400FE1F1B /* Preview Content */ = {
			isa = PBXGroup;
			children = (
				D87EE8C32AD680B400FE1F1B /* Preview Assets.xcassets */,
			);
			path = "Preview Content";
			sourceTree = "<group>";
		};
		D88AC7302AD9813000C4E2A7 /* AddCard */ = {
			isa = PBXGroup;
			children = (
				D88AC7312AD9815F00C4E2A7 /* AddCardForm.swift */,
			);
			path = AddCard;
			sourceTree = "<group>";
		};
		D8A155212ADECCC90088BF06 /* Transaction */ = {
			isa = PBXGroup;
			children = (
				D8A155222ADECCE10088BF06 /* AddTransactionForm.swift */,
			);
			path = Transaction;
			sourceTree = "<group>";
		};
		D8F02DD12AD8207E00AA447D /* Main */ = {
			isa = PBXGroup;
			children = (
				D8A155212ADECCC90088BF06 /* Transaction */,
				D88AC7302AD9813000C4E2A7 /* AddCard */,
				D8F02DD22AD8208B00AA447D /* MainView.swift */,
			);
			path = Main;
			sourceTree = "<group>";
		};
/* End PBXGroup section */

/* Begin PBXNativeTarget section */
		D87EE8B82AD680B200FE1F1B /* CoreDataSpendingTracker */ = {
			isa = PBXNativeTarget;
			buildConfigurationList = D87EE8CC2AD680B400FE1F1B /* Build configuration list for PBXNativeTarget "CoreDataSpendingTracker" */;
			buildPhases = (
				D87EE8B52AD680B200FE1F1B /* Sources */,
				D87EE8B62AD680B200FE1F1B /* Frameworks */,
				D87EE8B72AD680B200FE1F1B /* Resources */,
			);
			buildRules = (
			);
			dependencies = (
			);
			name = CoreDataSpendingTracker;
			productName = CoreDataSpendingTracker;
			productReference = D87EE8B92AD680B200FE1F1B /* CoreDataSpendingTracker.app */;
			productType = "com.apple.product-type.application";
		};
/* End PBXNativeTarget section */

/* Begin PBXProject section */
		D87EE8B12AD680B200FE1F1B /* Project object */ = {
			isa = PBXProject;
			attributes = {
				BuildIndependentTargetsInParallel = 1;
				LastSwiftUpdateCheck = 1410;
				LastUpgradeCheck = 1410;
				TargetAttributes = {
					D87EE8B82AD680B200FE1F1B = {
						CreatedOnToolsVersion = 14.1;
					};
				};
			};
			buildConfigurationList = D87EE8B42AD680B200FE1F1B /* Build configuration list for PBXProject "CoreDataSpendingTracker" */;
			compatibilityVersion = "Xcode 14.0";
			developmentRegion = en;
			hasScannedForEncodings = 0;
			knownRegions = (
				en,
				Base,
			);
			mainGroup = D87EE8B02AD680B200FE1F1B;
			productRefGroup = D87EE8BA2AD680B200FE1F1B /* Products */;
			projectDirPath = "";
			projectRoot = "";
			targets = (
				D87EE8B82AD680B200FE1F1B /* CoreDataSpendingTracker */,
			);
		};
/* End PBXProject section */

/* Begin PBXResourcesBuildPhase section */
		D87EE8B72AD680B200FE1F1B /* Resources */ = {
			isa = PBXResourcesBuildPhase;
			buildActionMask = 2147483647;
			files = (
				D87EE8C42AD680B400FE1F1B /* Preview Assets.xcassets in Resources */,
				D87EE8C12AD680B400FE1F1B /* Assets.xcassets in Resources */,
			);
			runOnlyForDeploymentPostprocessing = 0;
		};
/* End PBXResourcesBuildPhase section */

/* Begin PBXSourcesBuildPhase section */
		D87EE8B52AD680B200FE1F1B /* Sources */ = {
			isa = PBXSourcesBuildPhase;
			buildActionMask = 2147483647;
			files = (
				D87EE8C62AD680B400FE1F1B /* Persistence.swift in Sources */,
				D88AC7322AD9815F00C4E2A7 /* AddCardForm.swift in Sources */,
				D87EE8BF2AD680B200FE1F1B /* ContentView.swift in Sources */,
				D8A155232ADECCE10088BF06 /* AddTransactionForm.swift in Sources */,
				D87EE8BD2AD680B200FE1F1B /* CoreDataSpendingTrackerApp.swift in Sources */,
				D8F02DD32AD8208B00AA447D /* MainView.swift in Sources */,
				D87EE8C92AD680B400FE1F1B /* CoreDataSpendingTracker.xcdatamodeld in Sources */,
			);
			runOnlyForDeploymentPostprocessing = 0;
		};
/* End PBXSourcesBuildPhase section */

/* Begin XCBuildConfiguration section */
		D87EE8CA2AD680B400FE1F1B /* Debug */ = {
			isa = XCBuildConfiguration;
			buildSettings = {
				ALWAYS_SEARCH_USER_PATHS = NO;
				CLANG_ANALYZER_NONNULL = YES;
				CLANG_ANALYZER_NUMBER_OBJECT_CONVERSION = YES_AGGRESSIVE;
				CLANG_CXX_LANGUAGE_STANDARD = "gnu++20";
				CLANG_ENABLE_MODULES = YES;
				CLANG_ENABLE_OBJC_ARC = YES;
				CLANG_ENABLE_OBJC_WEAK = YES;
				CLANG_WARN_BLOCK_CAPTURE_AUTORELEASING = YES;
				CLANG_WARN_BOOL_CONVERSION = YES;
				CLANG_WARN_COMMA = YES;
				CLANG_WARN_CONSTANT_CONVERSION = YES;
				CLANG_WARN_DEPRECATED_OBJC_IMPLEMENTATIONS = YES;
				CLANG_WARN_DIRECT_OBJC_ISA_USAGE = YES_ERROR;
				CLANG_WARN_DOCUMENTATION_COMMENTS = YES;
				CLANG_WARN_EMPTY_BODY = YES;
				CLANG_WARN_ENUM_CONVERSION = YES;
				CLANG_WARN_INFINITE_RECURSION = YES;
				CLANG_WARN_INT_CONVERSION = YES;
				CLANG_WARN_NON_LITERAL_NULL_CONVERSION = YES;
				CLANG_WARN_OBJC_IMPLICIT_RETAIN_SELF = YES;
				CLANG_WARN_OBJC_LITERAL_CONVERSION = YES;
				CLANG_WARN_OBJC_ROOT_CLASS = YES_ERROR;
				CLANG_WARN_QUOTED_INCLUDE_IN_FRAMEWORK_HEADER = YES;
				CLANG_WARN_RANGE_LOOP_ANALYSIS = YES;
				CLANG_WARN_STRICT_PROTOTYPES = YES;
				CLANG_WARN_SUSPICIOUS_MOVE = YES;
				CLANG_WARN_UNGUARDED_AVAILABILITY = YES_AGGRESSIVE;
				CLANG_WARN_UNREACHABLE_CODE = YES;
				CLANG_WARN__DUPLICATE_METHOD_MATCH = YES;
				COPY_PHASE_STRIP = NO;
				DEBUG_INFORMATION_FORMAT = dwarf;
				ENABLE_STRICT_OBJC_MSGSEND = YES;
				ENABLE_TESTABILITY = YES;
				GCC_C_LANGUAGE_STANDARD = gnu11;
				GCC_DYNAMIC_NO_PIC = NO;
				GCC_NO_COMMON_BLOCKS = YES;
				GCC_OPTIMIZATION_LEVEL = 0;
				GCC_PREPROCESSOR_DEFINITIONS = (
					"DEBUG=1",
					"$(inherited)",
				);
				GCC_WARN_64_TO_32_BIT_CONVERSION = YES;
				GCC_WARN_ABOUT_RETURN_TYPE = YES_ERROR;
				GCC_WARN_UNDECLARED_SELECTOR = YES;
				GCC_WARN_UNINITIALIZED_AUTOS = YES_AGGRESSIVE;
				GCC_WARN_UNUSED_FUNCTION = YES;
				GCC_WARN_UNUSED_VARIABLE = YES;
				IPHONEOS_DEPLOYMENT_TARGET = 16.1;
				MTL_ENABLE_DEBUG_INFO = INCLUDE_SOURCE;
				MTL_FAST_MATH = YES;
				ONLY_ACTIVE_ARCH = YES;
				SDKROOT = iphoneos;
				SWIFT_ACTIVE_COMPILATION_CONDITIONS = DEBUG;
				SWIFT_OPTIMIZATION_LEVEL = "-Onone";
			};
			name = Debug;
		};
		D87EE8CB2AD680B400FE1F1B /* Release */ = {
			isa = XCBuildConfiguration;
			buildSettings = {
				ALWAYS_SEARCH_USER_PATHS = NO;
				CLANG_ANALYZER_NONNULL = YES;
				CLANG_ANALYZER_NUMBER_OBJECT_CONVERSION = YES_AGGRESSIVE;
				CLANG_CXX_LANGUAGE_STANDARD = "gnu++20";
				CLANG_ENABLE_MODULES = YES;
				CLANG_ENABLE_OBJC_ARC = YES;
				CLANG_ENABLE_OBJC_WEAK = YES;
				CLANG_WARN_BLOCK_CAPTURE_AUTORELEASING = YES;
				CLANG_WARN_BOOL_CONVERSION = YES;
				CLANG_WARN_COMMA = YES;
				CLANG_WARN_CONSTANT_CONVERSION = YES;
				CLANG_WARN_DEPRECATED_OBJC_IMPLEMENTATIONS = YES;
				CLANG_WARN_DIRECT_OBJC_ISA_USAGE = YES_ERROR;
				CLANG_WARN_DOCUMENTATION_COMMENTS = YES;
				CLANG_WARN_EMPTY_BODY = YES;
				CLANG_WARN_ENUM_CONVERSION = YES;
				CLANG_WARN_INFINITE_RECURSION = YES;
				CLANG_WARN_INT_CONVERSION = YES;
				CLANG_WARN_NON_LITERAL_NULL_CONVERSION = YES;
				CLANG_WARN_OBJC_IMPLICIT_RETAIN_SELF = YES;
				CLANG_WARN_OBJC_LITERAL_CONVERSION = YES;
				CLANG_WARN_OBJC_ROOT_CLASS = YES_ERROR;
				CLANG_WARN_QUOTED_INCLUDE_IN_FRAMEWORK_HEADER = YES;
				CLANG_WARN_RANGE_LOOP_ANALYSIS = YES;
				CLANG_WARN_STRICT_PROTOTYPES = YES;
				CLANG_WARN_SUSPICIOUS_MOVE = YES;
				CLANG_WARN_UNGUARDED_AVAILABILITY = YES_AGGRESSIVE;
				CLANG_WARN_UNREACHABLE_CODE = YES;
				CLANG_WARN__DUPLICATE_METHOD_MATCH = YES;
				COPY_PHASE_STRIP = NO;
				DEBUG_INFORMATION_FORMAT = "dwarf-with-dsym";
				ENABLE_NS_ASSERTIONS = NO;
				ENABLE_STRICT_OBJC_MSGSEND = YES;
				GCC_C_LANGUAGE_STANDARD = gnu11;
				GCC_NO_COMMON_BLOCKS = YES;
				GCC_WARN_64_TO_32_BIT_CONVERSION = YES;
				GCC_WARN_ABOUT_RETURN_TYPE = YES_ERROR;
				GCC_WARN_UNDECLARED_SELECTOR = YES;
				GCC_WARN_UNINITIALIZED_AUTOS = YES_AGGRESSIVE;
				GCC_WARN_UNUSED_FUNCTION = YES;
				GCC_WARN_UNUSED_VARIABLE = YES;
				IPHONEOS_DEPLOYMENT_TARGET = 16.1;
				MTL_ENABLE_DEBUG_INFO = NO;
				MTL_FAST_MATH = YES;
				SDKROOT = iphoneos;
				SWIFT_COMPILATION_MODE = wholemodule;
				SWIFT_OPTIMIZATION_LEVEL = "-O";
				VALIDATE_PRODUCT = YES;
			};
			name = Release;
		};
		D87EE8CD2AD680B400FE1F1B /* Debug */ = {
			isa = XCBuildConfiguration;
			buildSettings = {
				ASSETCATALOG_COMPILER_APPICON_NAME = AppIcon;
				ASSETCATALOG_COMPILER_GLOBAL_ACCENT_COLOR_NAME = AccentColor;
				CODE_SIGN_STYLE = Automatic;
				CURRENT_PROJECT_VERSION = 1;
				DEVELOPMENT_ASSET_PATHS = "\"CoreDataSpendingTracker/Preview Content\"";
				DEVELOPMENT_TEAM = Q5CYH8RVUS;
				ENABLE_PREVIEWS = YES;
				GENERATE_INFOPLIST_FILE = YES;
				INFOPLIST_KEY_UIApplicationSceneManifest_Generation = YES;
				INFOPLIST_KEY_UIApplicationSupportsIndirectInputEvents = YES;
				INFOPLIST_KEY_UILaunchScreen_Generation = YES;
				INFOPLIST_KEY_UISupportedInterfaceOrientations_iPad = "UIInterfaceOrientationPortrait UIInterfaceOrientationPortraitUpsideDown UIInterfaceOrientationLandscapeLeft UIInterfaceOrientationLandscapeRight";
				INFOPLIST_KEY_UISupportedInterfaceOrientations_iPhone = "UIInterfaceOrientationPortrait UIInterfaceOrientationLandscapeLeft UIInterfaceOrientationLandscapeRight";
				LD_RUNPATH_SEARCH_PATHS = (
					"$(inherited)",
					"@executable_path/Frameworks",
				);
				MARKETING_VERSION = 1.0;
				PRODUCT_BUNDLE_IDENTIFIER = com.joe3524.CoreDataSpendingTracker;
				PRODUCT_NAME = "$(TARGET_NAME)";
				SWIFT_EMIT_LOC_STRINGS = YES;
				SWIFT_VERSION = 5.0;
				TARGETED_DEVICE_FAMILY = "1,2";
			};
			name = Debug;
		};
		D87EE8CE2AD680B400FE1F1B /* Release */ = {
			isa = XCBuildConfiguration;
			buildSettings = {
				ASSETCATALOG_COMPILER_APPICON_NAME = AppIcon;
				ASSETCATALOG_COMPILER_GLOBAL_ACCENT_COLOR_NAME = AccentColor;
				CODE_SIGN_STYLE = Automatic;
				CURRENT_PROJECT_VERSION = 1;
				DEVELOPMENT_ASSET_PATHS = "\"CoreDataSpendingTracker/Preview Content\"";
				DEVELOPMENT_TEAM = Q5CYH8RVUS;
				ENABLE_PREVIEWS = YES;
				GENERATE_INFOPLIST_FILE = YES;
				INFOPLIST_KEY_UIApplicationSceneManifest_Generation = YES;
				INFOPLIST_KEY_UIApplicationSupportsIndirectInputEvents = YES;
				INFOPLIST_KEY_UILaunchScreen_Generation = YES;
				INFOPLIST_KEY_UISupportedInterfaceOrientations_iPad = "UIInterfaceOrientationPortrait UIInterfaceOrientationPortraitUpsideDown UIInterfaceOrientationLandscapeLeft UIInterfaceOrientationLandscapeRight";
				INFOPLIST_KEY_UISupportedInterfaceOrientations_iPhone = "UIInterfaceOrientationPortrait UIInterfaceOrientationLandscapeLeft UIInterfaceOrientationLandscapeRight";
				LD_RUNPATH_SEARCH_PATHS = (
					"$(inherited)",
					"@executable_path/Frameworks",
				);
				MARKETING_VERSION = 1.0;
				PRODUCT_BUNDLE_IDENTIFIER = com.joe3524.CoreDataSpendingTracker;
				PRODUCT_NAME = "$(TARGET_NAME)";
				SWIFT_EMIT_LOC_STRINGS = YES;
				SWIFT_VERSION = 5.0;
				TARGETED_DEVICE_FAMILY = "1,2";
			};
			name = Release;
		};
/* End XCBuildConfiguration section */

/* Begin XCConfigurationList section */
		D87EE8B42AD680B200FE1F1B /* Build configuration list for PBXProject "CoreDataSpendingTracker" */ = {
			isa = XCConfigurationList;
			buildConfigurations = (
				D87EE8CA2AD680B400FE1F1B /* Debug */,
				D87EE8CB2AD680B400FE1F1B /* Release */,
			);
			defaultConfigurationIsVisible = 0;
			defaultConfigurationName = Release;
		};
		D87EE8CC2AD680B400FE1F1B /* Build configuration list for PBXNativeTarget "CoreDataSpendingTracker" */ = {
			isa = XCConfigurationList;
			buildConfigurations = (
				D87EE8CD2AD680B400FE1F1B /* Debug */,
				D87EE8CE2AD680B400FE1F1B /* Release */,
			);
			defaultConfigurationIsVisible = 0;
			defaultConfigurationName = Release;
		};
/* End XCConfigurationList section */

/* Begin XCVersionGroup section */
		D87EE8C72AD680B400FE1F1B /* CoreDataSpendingTracker.xcdatamodeld */ = {
			isa = XCVersionGroup;
			children = (
				D87EE8C82AD680B400FE1F1B /* CoreDataSpendingTracker.xcdatamodel */,
			);
			currentVersion = D87EE8C82AD680B400FE1F1B /* CoreDataSpendingTracker.xcdatamodel */;
			path = CoreDataSpendingTracker.xcdatamodeld;
			sourceTree = "<group>";
			versionGroupType = wrapper.xcdatamodel;
		};
/* End XCVersionGroup section */
	};
	rootObject = D87EE8B12AD680B200FE1F1B /* Project object */;
}
